// !$*UTF8*$!
{
	archiveVersion = 1;
	classes = {
	};
	objectVersion = 56;
	objects = {

/* Begin PBXBuildFile section */
		D0105DF729DFA23A007ABD24 /* AppDelegate.swift in Sources */ = {isa = PBXBuildFile; fileRef = D0105DF629DFA23A007ABD24 /* AppDelegate.swift */; };
		D0105DF929DFA23A007ABD24 /* SceneDelegate.swift in Sources */ = {isa = PBXBuildFile; fileRef = D0105DF829DFA23A007ABD24 /* SceneDelegate.swift */; };
		D0105DFB29DFA23A007ABD24 /* ViewController.swift in Sources */ = {isa = PBXBuildFile; fileRef = D0105DFA29DFA23A007ABD24 /* ViewController.swift */; };
		D0105DFE29DFA23A007ABD24 /* Main.storyboard in Resources */ = {isa = PBXBuildFile; fileRef = D0105DFC29DFA23A007ABD24 /* Main.storyboard */; };
		D0105E0029DFA23C007ABD24 /* Assets.xcassets in Resources */ = {isa = PBXBuildFile; fileRef = D0105DFF29DFA23C007ABD24 /* Assets.xcassets */; };
		D0105E0329DFA23C007ABD24 /* LaunchScreen.storyboard in Resources */ = {isa = PBXBuildFile; fileRef = D0105E0129DFA23C007ABD24 /* LaunchScreen.storyboard */; };
		D0105E0E29DFA23C007ABD24 /* ProgrammaticTemplateTests.swift in Sources */ = {isa = PBXBuildFile; fileRef = D0105E0D29DFA23C007ABD24 /* ProgrammaticTemplateTests.swift */; };
		D0105E1829DFA23C007ABD24 /* ProgrammaticTemplateUITests.swift in Sources */ = {isa = PBXBuildFile; fileRef = D0105E1729DFA23C007ABD24 /* ProgrammaticTemplateUITests.swift */; };
		D0105E1A29DFA23C007ABD24 /* ProgrammaticTemplateUITestsLaunchTests.swift in Sources */ = {isa = PBXBuildFile; fileRef = D0105E1929DFA23C007ABD24 /* ProgrammaticTemplateUITestsLaunchTests.swift */; };
/* End PBXBuildFile section */

/* Begin PBXContainerItemProxy section */
		D0105E0A29DFA23C007ABD24 /* PBXContainerItemProxy */ = {
			isa = PBXContainerItemProxy;
			containerPortal = D0105DEB29DFA23A007ABD24 /* Project object */;
			proxyType = 1;
			remoteGlobalIDString = D0105DF229DFA23A007ABD24;
			remoteInfo = ProgrammaticTemplate;
		};
		D0105E1429DFA23C007ABD24 /* PBXContainerItemProxy */ = {
			isa = PBXContainerItemProxy;
			containerPortal = D0105DEB29DFA23A007ABD24 /* Project object */;
			proxyType = 1;
			remoteGlobalIDString = D0105DF229DFA23A007ABD24;
			remoteInfo = ProgrammaticTemplate;
		};
/* End PBXContainerItemProxy section */

/* Begin PBXFileReference section */
		D0105DF329DFA23A007ABD24 /* ProgrammaticTemplate.app */ = {isa = PBXFileReference; explicitFileType = wrapper.application; includeInIndex = 0; path = ProgrammaticTemplate.app; sourceTree = BUILT_PRODUCTS_DIR; };
		D0105DF629DFA23A007ABD24 /* AppDelegate.swift */ = {isa = PBXFileReference; lastKnownFileType = sourcecode.swift; path = AppDelegate.swift; sourceTree = "<group>"; };
		D0105DF829DFA23A007ABD24 /* SceneDelegate.swift */ = {isa = PBXFileReference; lastKnownFileType = sourcecode.swift; path = SceneDelegate.swift; sourceTree = "<group>"; };
		D0105DFA29DFA23A007ABD24 /* ViewController.swift */ = {isa = PBXFileReference; lastKnownFileType = sourcecode.swift; path = ViewController.swift; sourceTree = "<group>"; };
		D0105DFD29DFA23A007ABD24 /* Base */ = {isa = PBXFileReference; lastKnownFileType = file.storyboard; name = Base; path = Base.lproj/Main.storyboard; sourceTree = "<group>"; };
		D0105DFF29DFA23C007ABD24 /* Assets.xcassets */ = {isa = PBXFileReference; lastKnownFileType = folder.assetcatalog; path = Assets.xcassets; sourceTree = "<group>"; };
		D0105E0229DFA23C007ABD24 /* Base */ = {isa = PBXFileReference; lastKnownFileType = file.storyboard; name = Base; path = Base.lproj/LaunchScreen.storyboard; sourceTree = "<group>"; };
		D0105E0429DFA23C007ABD24 /* Info.plist */ = {isa = PBXFileReference; lastKnownFileType = text.plist.xml; path = Info.plist; sourceTree = "<group>"; };
		D0105E0929DFA23C007ABD24 /* ProgrammaticTemplateTests.xctest */ = {isa = PBXFileReference; explicitFileType = wrapper.cfbundle; includeInIndex = 0; path = ProgrammaticTemplateTests.xctest; sourceTree = BUILT_PRODUCTS_DIR; };
		D0105E0D29DFA23C007ABD24 /* ProgrammaticTemplateTests.swift */ = {isa = PBXFileReference; lastKnownFileType = sourcecode.swift; path = ProgrammaticTemplateTests.swift; sourceTree = "<group>"; };
		D0105E1329DFA23C007ABD24 /* ProgrammaticTemplateUITests.xctest */ = {isa = PBXFileReference; explicitFileType = wrapper.cfbundle; includeInIndex = 0; path = ProgrammaticTemplateUITests.xctest; sourceTree = BUILT_PRODUCTS_DIR; };
		D0105E1729DFA23C007ABD24 /* ProgrammaticTemplateUITests.swift */ = {isa = PBXFileReference; lastKnownFileType = sourcecode.swift; path = ProgrammaticTemplateUITests.swift; sourceTree = "<group>"; };
		D0105E1929DFA23C007ABD24 /* ProgrammaticTemplateUITestsLaunchTests.swift */ = {isa = PBXFileReference; lastKnownFileType = sourcecode.swift; path = ProgrammaticTemplateUITestsLaunchTests.swift; sourceTree = "<group>"; };
/* End PBXFileReference section */

/* Begin PBXFrameworksBuildPhase section */
		D0105DF029DFA23A007ABD24 /* Frameworks */ = {
			isa = PBXFrameworksBuildPhase;
			buildActionMask = 2147483647;
			files = (
			);
			runOnlyForDeploymentPostprocessing = 0;
		};
		D0105E0629DFA23C007ABD24 /* Frameworks */ = {
			isa = PBXFrameworksBuildPhase;
			buildActionMask = 2147483647;
			files = (
			);
			runOnlyForDeploymentPostprocessing = 0;
		};
		D0105E1029DFA23C007ABD24 /* Frameworks */ = {
			isa = PBXFrameworksBuildPhase;
			buildActionMask = 2147483647;
			files = (
			);
			runOnlyForDeploymentPostprocessing = 0;
		};
/* End PBXFrameworksBuildPhase section */

/* Begin PBXGroup section */
		D0105DEA29DFA23A007ABD24 = {
			isa = PBXGroup;
			children = (
				D0105DF529DFA23A007ABD24 /* ProgrammaticTemplate */,
				D0105E0C29DFA23C007ABD24 /* ProgrammaticTemplateTests */,
				D0105E1629DFA23C007ABD24 /* ProgrammaticTemplateUITests */,
				D0105DF429DFA23A007ABD24 /* Products */,
			);
			sourceTree = "<group>";
		};
		D0105DF429DFA23A007ABD24 /* Products */ = {
			isa = PBXGroup;
			children = (
				D0105DF329DFA23A007ABD24 /* ProgrammaticTemplate.app */,
				D0105E0929DFA23C007ABD24 /* ProgrammaticTemplateTests.xctest */,
				D0105E1329DFA23C007ABD24 /* ProgrammaticTemplateUITests.xctest */,
			);
			name = Products;
			sourceTree = "<group>";
		};
		D0105DF529DFA23A007ABD24 /* ProgrammaticTemplate */ = {
			isa = PBXGroup;
			children = (
				D0105DF629DFA23A007ABD24 /* AppDelegate.swift */,
				D0105DF829DFA23A007ABD24 /* SceneDelegate.swift */,
				D0105DFA29DFA23A007ABD24 /* ViewController.swift */,
				D0105DFC29DFA23A007ABD24 /* Main.storyboard */,
				D0105DFF29DFA23C007ABD24 /* Assets.xcassets */,
				D0105E0129DFA23C007ABD24 /* LaunchScreen.storyboard */,
				D0105E0429DFA23C007ABD24 /* Info.plist */,
			);
			path = ProgrammaticTemplate;
			sourceTree = "<group>";
		};
		D0105E0C29DFA23C007ABD24 /* ProgrammaticTemplateTests */ = {
			isa = PBXGroup;
			children = (
				D0105E0D29DFA23C007ABD24 /* ProgrammaticTemplateTests.swift */,
			);
			path = ProgrammaticTemplateTests;
			sourceTree = "<group>";
		};
		D0105E1629DFA23C007ABD24 /* ProgrammaticTemplateUITests */ = {
			isa = PBXGroup;
			children = (
				D0105E1729DFA23C007ABD24 /* ProgrammaticTemplateUITests.swift */,
				D0105E1929DFA23C007ABD24 /* ProgrammaticTemplateUITestsLaunchTests.swift */,
			);
			path = ProgrammaticTemplateUITests;
			sourceTree = "<group>";
		};
/* End PBXGroup section */

/* Begin PBXNativeTarget section */
		D0105DF229DFA23A007ABD24 /* ProgrammaticTemplate */ = {
			isa = PBXNativeTarget;
			buildConfigurationList = D0105E1D29DFA23C007ABD24 /* Build configuration list for PBXNativeTarget "ProgrammaticTemplate" */;
			buildPhases = (
				D0105DEF29DFA23A007ABD24 /* Sources */,
				D0105DF029DFA23A007ABD24 /* Frameworks */,
				D0105DF129DFA23A007ABD24 /* Resources */,
			);
			buildRules = (
			);
			dependencies = (
			);
			name = ProgrammaticTemplate;
			productName = ProgrammaticTemplate;
			productReference = D0105DF329DFA23A007ABD24 /* ProgrammaticTemplate.app */;
			productType = "com.apple.product-type.application";
		};
		D0105E0829DFA23C007ABD24 /* ProgrammaticTemplateTests */ = {
			isa = PBXNativeTarget;
			buildConfigurationList = D0105E2029DFA23C007ABD24 /* Build configuration list for PBXNativeTarget "ProgrammaticTemplateTests" */;
			buildPhases = (
				D0105E0529DFA23C007ABD24 /* Sources */,
				D0105E0629DFA23C007ABD24 /* Frameworks */,
				D0105E0729DFA23C007ABD24 /* Resources */,
			);
			buildRules = (
			);
			dependencies = (
				D0105E0B29DFA23C007ABD24 /* PBXTargetDependency */,
			);
			name = ProgrammaticTemplateTests;
			productName = ProgrammaticTemplateTests;
			productReference = D0105E0929DFA23C007ABD24 /* ProgrammaticTemplateTests.xctest */;
			productType = "com.apple.product-type.bundle.unit-test";
		};
		D0105E1229DFA23C007ABD24 /* ProgrammaticTemplateUITests */ = {
			isa = PBXNativeTarget;
			buildConfigurationList = D0105E2329DFA23C007ABD24 /* Build configuration list for PBXNativeTarget "ProgrammaticTemplateUITests" */;
			buildPhases = (
				D0105E0F29DFA23C007ABD24 /* Sources */,
				D0105E1029DFA23C007ABD24 /* Frameworks */,
				D0105E1129DFA23C007ABD24 /* Resources */,
			);
			buildRules = (
			);
			dependencies = (
				D0105E1529DFA23C007ABD24 /* PBXTargetDependency */,
			);
			name = ProgrammaticTemplateUITests;
			productName = ProgrammaticTemplateUITests;
			productReference = D0105E1329DFA23C007ABD24 /* ProgrammaticTemplateUITests.xctest */;
			productType = "com.apple.product-type.bundle.ui-testing";
		};
/* End PBXNativeTarget section */

/* Begin PBXProject section */
		D0105DEB29DFA23A007ABD24 /* Project object */ = {
			isa = PBXProject;
			attributes = {
				BuildIndependentTargetsInParallel = 1;
				LastSwiftUpdateCheck = 1410;
				LastUpgradeCheck = 1410;
				TargetAttributes = {
					D0105DF229DFA23A007ABD24 = {
						CreatedOnToolsVersion = 14.1;
					};
					D0105E0829DFA23C007ABD24 = {
						CreatedOnToolsVersion = 14.1;
						TestTargetID = D0105DF229DFA23A007ABD24;
					};
					D0105E1229DFA23C007ABD24 = {
						CreatedOnToolsVersion = 14.1;
						TestTargetID = D0105DF229DFA23A007ABD24;
					};
				};
			};
			buildConfigurationList = D0105DEE29DFA23A007ABD24 /* Build configuration list for PBXProject "ProgrammaticTemplate" */;
			compatibilityVersion = "Xcode 14.0";
			developmentRegion = en;
			hasScannedForEncodings = 0;
			knownRegions = (
				en,
				Base,
			);
			mainGroup = D0105DEA29DFA23A007ABD24;
			productRefGroup = D0105DF429DFA23A007ABD24 /* Products */;
			projectDirPath = "";
			projectRoot = "";
			targets = (
				D0105DF229DFA23A007ABD24 /* ProgrammaticTemplate */,
				D0105E0829DFA23C007ABD24 /* ProgrammaticTemplateTests */,
				D0105E1229DFA23C007ABD24 /* ProgrammaticTemplateUITests */,
			);
		};
/* End PBXProject section */

/* Begin PBXResourcesBuildPhase section */
		D0105DF129DFA23A007ABD24 /* Resources */ = {
			isa = PBXResourcesBuildPhase;
			buildActionMask = 2147483647;
			files = (
				D0105E0329DFA23C007ABD24 /* LaunchScreen.storyboard in Resources */,
				D0105E0029DFA23C007ABD24 /* Assets.xcassets in Resources */,
				D0105DFE29DFA23A007ABD24 /* Main.storyboard in Resources */,
			);
			runOnlyForDeploymentPostprocessing = 0;
		};
		D0105E0729DFA23C007ABD24 /* Resources */ = {
			isa = PBXResourcesBuildPhase;
			buildActionMask = 2147483647;
			files = (
			);
			runOnlyForDeploymentPostprocessing = 0;
		};
		D0105E1129DFA23C007ABD24 /* Resources */ = {
			isa = PBXResourcesBuildPhase;
			buildActionMask = 2147483647;
			files = (
			);
			runOnlyForDeploymentPostprocessing = 0;
		};
/* End PBXResourcesBuildPhase section */

/* Begin PBXSourcesBuildPhase section */
		D0105DEF29DFA23A007ABD24 /* Sources */ = {
			isa = PBXSourcesBuildPhase;
			buildActionMask = 2147483647;
			files = (
				D0105DFB29DFA23A007ABD24 /* ViewController.swift in Sources */,
				D0105DF729DFA23A007ABD24 /* AppDelegate.swift in Sources */,
				D0105DF929DFA23A007ABD24 /* SceneDelegate.swift in Sources */,
			);
			runOnlyForDeploymentPostprocessing = 0;
		};
		D0105E0529DFA23C007ABD24 /* Sources */ = {
			isa = PBXSourcesBuildPhase;
			buildActionMask = 2147483647;
			files = (
				D0105E0E29DFA23C007ABD24 /* ProgrammaticTemplateTests.swift in Sources */,
			);
			runOnlyForDeploymentPostprocessing = 0;
		};
		D0105E0F29DFA23C007ABD24 /* Sources */ = {
			isa = PBXSourcesBuildPhase;
			buildActionMask = 2147483647;
			files = (
				D0105E1A29DFA23C007ABD24 /* ProgrammaticTemplateUITestsLaunchTests.swift in Sources */,
				D0105E1829DFA23C007ABD24 /* ProgrammaticTemplateUITests.swift in Sources */,
			);
			runOnlyForDeploymentPostprocessing = 0;
		};
/* End PBXSourcesBuildPhase section */

/* Begin PBXTargetDependency section */
		D0105E0B29DFA23C007ABD24 /* PBXTargetDependency */ = {
			isa = PBXTargetDependency;
			target = D0105DF229DFA23A007ABD24 /* ProgrammaticTemplate */;
			targetProxy = D0105E0A29DFA23C007ABD24 /* PBXContainerItemProxy */;
		};
		D0105E1529DFA23C007ABD24 /* PBXTargetDependency */ = {
			isa = PBXTargetDependency;
			target = D0105DF229DFA23A007ABD24 /* ProgrammaticTemplate */;
			targetProxy = D0105E1429DFA23C007ABD24 /* PBXContainerItemProxy */;
		};
/* End PBXTargetDependency section */

/* Begin PBXVariantGroup section */
		D0105DFC29DFA23A007ABD24 /* Main.storyboard */ = {
			isa = PBXVariantGroup;
			children = (
				D0105DFD29DFA23A007ABD24 /* Base */,
			);
			name = Main.storyboard;
			sourceTree = "<group>";
		};
		D0105E0129DFA23C007ABD24 /* LaunchScreen.storyboard */ = {
			isa = PBXVariantGroup;
			children = (
				D0105E0229DFA23C007ABD24 /* Base */,
			);
			name = LaunchScreen.storyboard;
			sourceTree = "<group>";
		};
/* End PBXVariantGroup section */

/* Begin XCBuildConfiguration section */
		D0105E1B29DFA23C007ABD24 /* Debug */ = {
			isa = XCBuildConfiguration;
			buildSettings = {
				ALWAYS_SEARCH_USER_PATHS = NO;
				CLANG_ANALYZER_NONNULL = YES;
				CLANG_ANALYZER_NUMBER_OBJECT_CONVERSION = YES_AGGRESSIVE;
				CLANG_CXX_LANGUAGE_STANDARD = "gnu++20";
				CLANG_ENABLE_MODULES = YES;
				CLANG_ENABLE_OBJC_ARC = YES;
				CLANG_ENABLE_OBJC_WEAK = YES;
				CLANG_WARN_BLOCK_CAPTURE_AUTORELEASING = YES;
				CLANG_WARN_BOOL_CONVERSION = YES;
				CLANG_WARN_COMMA = YES;
				CLANG_WARN_CONSTANT_CONVERSION = YES;
				CLANG_WARN_DEPRECATED_OBJC_IMPLEMENTATIONS = YES;
				CLANG_WARN_DIRECT_OBJC_ISA_USAGE = YES_ERROR;
				CLANG_WARN_DOCUMENTATION_COMMENTS = YES;
				CLANG_WARN_EMPTY_BODY = YES;
				CLANG_WARN_ENUM_CONVERSION = YES;
				CLANG_WARN_INFINITE_RECURSION = YES;
				CLANG_WARN_INT_CONVERSION = YES;
				CLANG_WARN_NON_LITERAL_NULL_CONVERSION = YES;
				CLANG_WARN_OBJC_IMPLICIT_RETAIN_SELF = YES;
				CLANG_WARN_OBJC_LITERAL_CONVERSION = YES;
				CLANG_WARN_OBJC_ROOT_CLASS = YES_ERROR;
				CLANG_WARN_QUOTED_INCLUDE_IN_FRAMEWORK_HEADER = YES;
				CLANG_WARN_RANGE_LOOP_ANALYSIS = YES;
				CLANG_WARN_STRICT_PROTOTYPES = YES;
				CLANG_WARN_SUSPICIOUS_MOVE = YES;
				CLANG_WARN_UNGUARDED_AVAILABILITY = YES_AGGRESSIVE;
				CLANG_WARN_UNREACHABLE_CODE = YES;
				CLANG_WARN__DUPLICATE_METHOD_MATCH = YES;
				COPY_PHASE_STRIP = NO;
				DEBUG_INFORMATION_FORMAT = dwarf;
				ENABLE_STRICT_OBJC_MSGSEND = YES;
				ENABLE_TESTABILITY = YES;
				GCC_C_LANGUAGE_STANDARD = gnu11;
				GCC_DYNAMIC_NO_PIC = NO;
				GCC_NO_COMMON_BLOCKS = YES;
				GCC_OPTIMIZATION_LEVEL = 0;
				GCC_PREPROCESSOR_DEFINITIONS = (
					"DEBUG=1",
					"$(inherited)",
				);
				GCC_WARN_64_TO_32_BIT_CONVERSION = YES;
				GCC_WARN_ABOUT_RETURN_TYPE = YES_ERROR;
				GCC_WARN_UNDECLARED_SELECTOR = YES;
				GCC_WARN_UNINITIALIZED_AUTOS = YES_AGGRESSIVE;
				GCC_WARN_UNUSED_FUNCTION = YES;
				GCC_WARN_UNUSED_VARIABLE = YES;
				IPHONEOS_DEPLOYMENT_TARGET = 16.1;
				MTL_ENABLE_DEBUG_INFO = INCLUDE_SOURCE;
				MTL_FAST_MATH = YES;
				ONLY_ACTIVE_ARCH = YES;
				SDKROOT = iphoneos;
				SWIFT_ACTIVE_COMPILATION_CONDITIONS = DEBUG;
				SWIFT_OPTIMIZATION_LEVEL = "-Onone";
			};
			name = Debug;
		};
		D0105E1C29DFA23C007ABD24 /* Release */ = {
			isa = XCBuildConfiguration;
			buildSettings = {
				ALWAYS_SEARCH_USER_PATHS = NO;
				CLANG_ANALYZER_NONNULL = YES;
				CLANG_ANALYZER_NUMBER_OBJECT_CONVERSION = YES_AGGRESSIVE;
				CLANG_CXX_LANGUAGE_STANDARD = "gnu++20";
				CLANG_ENABLE_MODULES = YES;
				CLANG_ENABLE_OBJC_ARC = YES;
				CLANG_ENABLE_OBJC_WEAK = YES;
				CLANG_WARN_BLOCK_CAPTURE_AUTORELEASING = YES;
				CLANG_WARN_BOOL_CONVERSION = YES;
				CLANG_WARN_COMMA = YES;
				CLANG_WARN_CONSTANT_CONVERSION = YES;
				CLANG_WARN_DEPRECATED_OBJC_IMPLEMENTATIONS = YES;
				CLANG_WARN_DIRECT_OBJC_ISA_USAGE = YES_ERROR;
				CLANG_WARN_DOCUMENTATION_COMMENTS = YES;
				CLANG_WARN_EMPTY_BODY = YES;
				CLANG_WARN_ENUM_CONVERSION = YES;
				CLANG_WARN_INFINITE_RECURSION = YES;
				CLANG_WARN_INT_CONVERSION = YES;
				CLANG_WARN_NON_LITERAL_NULL_CONVERSION = YES;
				CLANG_WARN_OBJC_IMPLICIT_RETAIN_SELF = YES;
				CLANG_WARN_OBJC_LITERAL_CONVERSION = YES;
				CLANG_WARN_OBJC_ROOT_CLASS = YES_ERROR;
				CLANG_WARN_QUOTED_INCLUDE_IN_FRAMEWORK_HEADER = YES;
				CLANG_WARN_RANGE_LOOP_ANALYSIS = YES;
				CLANG_WARN_STRICT_PROTOTYPES = YES;
				CLANG_WARN_SUSPICIOUS_MOVE = YES;
				CLANG_WARN_UNGUARDED_AVAILABILITY = YES_AGGRESSIVE;
				CLANG_WARN_UNREACHABLE_CODE = YES;
				CLANG_WARN__DUPLICATE_METHOD_MATCH = YES;
				COPY_PHASE_STRIP = NO;
				DEBUG_INFORMATION_FORMAT = "dwarf-with-dsym";
				ENABLE_NS_ASSERTIONS = NO;
				ENABLE_STRICT_OBJC_MSGSEND = YES;
				GCC_C_LANGUAGE_STANDARD = gnu11;
				GCC_NO_COMMON_BLOCKS = YES;
				GCC_WARN_64_TO_32_BIT_CONVERSION = YES;
				GCC_WARN_ABOUT_RETURN_TYPE = YES_ERROR;
				GCC_WARN_UNDECLARED_SELECTOR = YES;
				GCC_WARN_UNINITIALIZED_AUTOS = YES_AGGRESSIVE;
				GCC_WARN_UNUSED_FUNCTION = YES;
				GCC_WARN_UNUSED_VARIABLE = YES;
				IPHONEOS_DEPLOYMENT_TARGET = 16.1;
				MTL_ENABLE_DEBUG_INFO = NO;
				MTL_FAST_MATH = YES;
				SDKROOT = iphoneos;
				SWIFT_COMPILATION_MODE = wholemodule;
				SWIFT_OPTIMIZATION_LEVEL = "-O";
				VALIDATE_PRODUCT = YES;
			};
			name = Release;
		};
		D0105E1E29DFA23C007ABD24 /* Debug */ = {
			isa = XCBuildConfiguration;
			buildSettings = {
				ASSETCATALOG_COMPILER_APPICON_NAME = AppIcon;
				ASSETCATALOG_COMPILER_GLOBAL_ACCENT_COLOR_NAME = AccentColor;
				CODE_SIGN_STYLE = Automatic;
				CURRENT_PROJECT_VERSION = 1;
				DEVELOPMENT_TEAM = P7768FL9DQ;
				GENERATE_INFOPLIST_FILE = YES;
				INFOPLIST_FILE = ProgrammaticTemplate/Info.plist;
				INFOPLIST_KEY_UIApplicationSupportsIndirectInputEvents = YES;
				INFOPLIST_KEY_UILaunchStoryboardName = LaunchScreen;
				INFOPLIST_KEY_UIMainStoryboardFile = Main;
				INFOPLIST_KEY_UISupportedInterfaceOrientations_iPad = "UIInterfaceOrientationPortrait UIInterfaceOrientationPortraitUpsideDown UIInterfaceOrientationLandscapeLeft UIInterfaceOrientationLandscapeRight";
				INFOPLIST_KEY_UISupportedInterfaceOrientations_iPhone = "UIInterfaceOrientationPortrait UIInterfaceOrientationLandscapeLeft UIInterfaceOrientationLandscapeRight";
				LD_RUNPATH_SEARCH_PATHS = (
					"$(inherited)",
					"@executable_path/Frameworks",
				);
				MARKETING_VERSION = 1.0;
				PRODUCT_BUNDLE_IDENTIFIER = BillMcCann.ProgrammaticTemplate;
				PRODUCT_NAME = "$(TARGET_NAME)";
				SWIFT_EMIT_LOC_STRINGS = YES;
				SWIFT_VERSION = 5.0;
				TARGETED_DEVICE_FAMILY = "1,2";
			};
			name = Debug;
		};
		D0105E1F29DFA23C007ABD24 /* Release */ = {
			isa = XCBuildConfiguration;
			buildSettings = {
				ASSETCATALOG_COMPILER_APPICON_NAME = AppIcon;
				ASSETCATALOG_COMPILER_GLOBAL_ACCENT_COLOR_NAME = AccentColor;
				CODE_SIGN_STYLE = Automatic;
				CURRENT_PROJECT_VERSION = 1;
				DEVELOPMENT_TEAM = P7768FL9DQ;
				GENERATE_INFOPLIST_FILE = YES;
				INFOPLIST_FILE = ProgrammaticTemplate/Info.plist;
				INFOPLIST_KEY_UIApplicationSupportsIndirectInputEvents = YES;
				INFOPLIST_KEY_UILaunchStoryboardName = LaunchScreen;
				INFOPLIST_KEY_UIMainStoryboardFile = Main;
				INFOPLIST_KEY_UISupportedInterfaceOrientations_iPad = "UIInterfaceOrientationPortrait UIInterfaceOrientationPortraitUpsideDown UIInterfaceOrientationLandscapeLeft UIInterfaceOrientationLandscapeRight";
				INFOPLIST_KEY_UISupportedInterfaceOrientations_iPhone = "UIInterfaceOrientationPortrait UIInterfaceOrientationLandscapeLeft UIInterfaceOrientationLandscapeRight";
				LD_RUNPATH_SEARCH_PATHS = (
					"$(inherited)",
					"@executable_path/Frameworks",
				);
				MARKETING_VERSION = 1.0;
				PRODUCT_BUNDLE_IDENTIFIER = BillMcCann.ProgrammaticTemplate;
				PRODUCT_NAME = "$(TARGET_NAME)";
				SWIFT_EMIT_LOC_STRINGS = YES;
				SWIFT_VERSION = 5.0;
				TARGETED_DEVICE_FAMILY = "1,2";
			};
			name = Release;
		};
		D0105E2129DFA23C007ABD24 /* Debug */ = {
			isa = XCBuildConfiguration;
			buildSettings = {
				ALWAYS_EMBED_SWIFT_STANDARD_LIBRARIES = YES;
				BUNDLE_LOADER = "$(TEST_HOST)";
				CODE_SIGN_STYLE = Automatic;
				CURRENT_PROJECT_VERSION = 1;
				DEVELOPMENT_TEAM = P7768FL9DQ;
				GENERATE_INFOPLIST_FILE = YES;
				IPHONEOS_DEPLOYMENT_TARGET = 16.1;
				MARKETING_VERSION = 1.0;
				PRODUCT_BUNDLE_IDENTIFIER = BillMcCann.ProgrammaticTemplateTests;
				PRODUCT_NAME = "$(TARGET_NAME)";
				SWIFT_EMIT_LOC_STRINGS = NO;
				SWIFT_VERSION = 5.0;
				TARGETED_DEVICE_FAMILY = "1,2";
				TEST_HOST = "$(BUILT_PRODUCTS_DIR)/ProgrammaticTemplate.app/$(BUNDLE_EXECUTABLE_FOLDER_PATH)/ProgrammaticTemplate";
			};
			name = Debug;
		};
		D0105E2229DFA23C007ABD24 /* Release */ = {
			isa = XCBuildConfiguration;
			buildSettings = {
				ALWAYS_EMBED_SWIFT_STANDARD_LIBRARIES = YES;
				BUNDLE_LOADER = "$(TEST_HOST)";
				CODE_SIGN_STYLE = Automatic;
				CURRENT_PROJECT_VERSION = 1;
				DEVELOPMENT_TEAM = P7768FL9DQ;
				GENERATE_INFOPLIST_FILE = YES;
				IPHONEOS_DEPLOYMENT_TARGET = 16.1;
				MARKETING_VERSION = 1.0;
				PRODUCT_BUNDLE_IDENTIFIER = BillMcCann.ProgrammaticTemplateTests;
				PRODUCT_NAME = "$(TARGET_NAME)";
				SWIFT_EMIT_LOC_STRINGS = NO;
				SWIFT_VERSION = 5.0;
				TARGETED_DEVICE_FAMILY = "1,2";
				TEST_HOST = "$(BUILT_PRODUCTS_DIR)/ProgrammaticTemplate.app/$(BUNDLE_EXECUTABLE_FOLDER_PATH)/ProgrammaticTemplate";
			};
			name = Release;
		};
		D0105E2429DFA23C007ABD24 /* Debug */ = {
			isa = XCBuildConfiguration;
			buildSettings = {
				ALWAYS_EMBED_SWIFT_STANDARD_LIBRARIES = YES;
				CODE_SIGN_STYLE = Automatic;
				CURRENT_PROJECT_VERSION = 1;
				DEVELOPMENT_TEAM = P7768FL9DQ;
				GENERATE_INFOPLIST_FILE = YES;
				MARKETING_VERSION = 1.0;
				PRODUCT_BUNDLE_IDENTIFIER = BillMcCann.ProgrammaticTemplateUITests;
				PRODUCT_NAME = "$(TARGET_NAME)";
				SWIFT_EMIT_LOC_STRINGS = NO;
				SWIFT_VERSION = 5.0;
				TARGETED_DEVICE_FAMILY = "1,2";
				TEST_TARGET_NAME = ProgrammaticTemplate;
			};
			name = Debug;
		};
		D0105E2529DFA23C007ABD24 /* Release */ = {
			isa = XCBuildConfiguration;
			buildSettings = {
				ALWAYS_EMBED_SWIFT_STANDARD_LIBRARIES = YES;
				CODE_SIGN_STYLE = Automatic;
				CURRENT_PROJECT_VERSION = 1;
				DEVELOPMENT_TEAM = P7768FL9DQ;
				GENERATE_INFOPLIST_FILE = YES;
				MARKETING_VERSION = 1.0;
				PRODUCT_BUNDLE_IDENTIFIER = BillMcCann.ProgrammaticTemplateUITests;
				PRODUCT_NAME = "$(TARGET_NAME)";
				SWIFT_EMIT_LOC_STRINGS = NO;
				SWIFT_VERSION = 5.0;
				TARGETED_DEVICE_FAMILY = "1,2";
				TEST_TARGET_NAME = ProgrammaticTemplate;
			};
			name = Release;
		};
/* End XCBuildConfiguration section */

/* Begin XCConfigurationList section */
		D0105DEE29DFA23A007ABD24 /* Build configuration list for PBXProject "ProgrammaticTemplate" */ = {
			isa = XCConfigurationList;
			buildConfigurations = (
				D0105E1B29DFA23C007ABD24 /* Debug */,
				D0105E1C29DFA23C007ABD24 /* Release */,
			);
			defaultConfigurationIsVisible = 0;
			defaultConfigurationName = Release;
		};
		D0105E1D29DFA23C007ABD24 /* Build configuration list for PBXNativeTarget "ProgrammaticTemplate" */ = {
			isa = XCConfigurationList;
			buildConfigurations = (
				D0105E1E29DFA23C007ABD24 /* Debug */,
				D0105E1F29DFA23C007ABD24 /* Release */,
			);
			defaultConfigurationIsVisible = 0;
			defaultConfigurationName = Release;
		};
		D0105E2029DFA23C007ABD24 /* Build configuration list for PBXNativeTarget "ProgrammaticTemplateTests" */ = {
			isa = XCConfigurationList;
			buildConfigurations = (
				D0105E2129DFA23C007ABD24 /* Debug */,
				D0105E2229DFA23C007ABD24 /* Release */,
			);
			defaultConfigurationIsVisible = 0;
			defaultConfigurationName = Release;
		};
		D0105E2329DFA23C007ABD24 /* Build configuration list for PBXNativeTarget "ProgrammaticTemplateUITests" */ = {
			isa = XCConfigurationList;
			buildConfigurations = (
				D0105E2429DFA23C007ABD24 /* Debug */,
				D0105E2529DFA23C007ABD24 /* Release */,
			);
			defaultConfigurationIsVisible = 0;
			defaultConfigurationName = Release;
		};
/* End XCConfigurationList section */
	};
	rootObject = D0105DEB29DFA23A007ABD24 /* Project object */;
}
