// !$*UTF8*$!
{
	archiveVersion = 1;
	classes = {
	};
	objectVersion = 56;
	objects = {

/* Begin PBXBuildFile section */
		7C5B2D37CA7661B6149567FA /* Pods_ProgrammaticTemplate_ProgrammaticTemplateUITests.framework in Frameworks */ = {isa = PBXBuildFile; fileRef = 6A5523180A0A8D44AC9707E8 /* Pods_ProgrammaticTemplate_ProgrammaticTemplateUITests.framework */; };
		D0105DF729DFA23A007ABD24 /* AppDelegate.swift in Sources */ = {isa = PBXBuildFile; fileRef = D0105DF629DFA23A007ABD24 /* AppDelegate.swift */; };
		D0105DF929DFA23A007ABD24 /* SceneDelegate.swift in Sources */ = {isa = PBXBuildFile; fileRef = D0105DF829DFA23A007ABD24 /* SceneDelegate.swift */; };
		D0105DFB29DFA23A007ABD24 /* RootViewController.swift in Sources */ = {isa = PBXBuildFile; fileRef = D0105DFA29DFA23A007ABD24 /* RootViewController.swift */; };
		D0105E0029DFA23C007ABD24 /* Assets.xcassets in Resources */ = {isa = PBXBuildFile; fileRef = D0105DFF29DFA23C007ABD24 /* Assets.xcassets */; };
		D0105E0E29DFA23C007ABD24 /* ProgrammaticTemplateTests.swift in Sources */ = {isa = PBXBuildFile; fileRef = D0105E0D29DFA23C007ABD24 /* ProgrammaticTemplateTests.swift */; };
		D0105E1829DFA23C007ABD24 /* ProgrammaticTemplateUITests.swift in Sources */ = {isa = PBXBuildFile; fileRef = D0105E1729DFA23C007ABD24 /* ProgrammaticTemplateUITests.swift */; };
		D0105E1A29DFA23C007ABD24 /* ProgrammaticTemplateUITestsLaunchTests.swift in Sources */ = {isa = PBXBuildFile; fileRef = D0105E1929DFA23C007ABD24 /* ProgrammaticTemplateUITestsLaunchTests.swift */; };
		D033054900BDEFDFB28B3622 /* Pods_ProgrammaticTemplate.framework in Frameworks */ = {isa = PBXBuildFile; fileRef = 1AF09777E40A719677300825 /* Pods_ProgrammaticTemplate.framework */; };
		D075CBDD29F743B300D45502 /* BlueViewController.swift in Sources */ = {isa = PBXBuildFile; fileRef = D075CBDC29F743B300D45502 /* BlueViewController.swift */; };
		D09189B829F0B198002C87D8 /* RootViewModel.swift in Sources */ = {isa = PBXBuildFile; fileRef = D09189B729F0B198002C87D8 /* RootViewModel.swift */; };
		DAF0515590714A96CEDECDD5 /* Pods_ProgrammaticTemplateTests.framework in Frameworks */ = {isa = PBXBuildFile; fileRef = 9367DD86D5FC81322071E611 /* Pods_ProgrammaticTemplateTests.framework */; };
/* End PBXBuildFile section */

/* Begin PBXContainerItemProxy section */
		D0105E0A29DFA23C007ABD24 /* PBXContainerItemProxy */ = {
			isa = PBXContainerItemProxy;
			containerPortal = D0105DEB29DFA23A007ABD24 /* Project object */;
			proxyType = 1;
			remoteGlobalIDString = D0105DF229DFA23A007ABD24;
			remoteInfo = ProgrammaticTemplate;
		};
		D0105E1429DFA23C007ABD24 /* PBXContainerItemProxy */ = {
			isa = PBXContainerItemProxy;
			containerPortal = D0105DEB29DFA23A007ABD24 /* Project object */;
			proxyType = 1;
			remoteGlobalIDString = D0105DF229DFA23A007ABD24;
			remoteInfo = ProgrammaticTemplate;
		};
/* End PBXContainerItemProxy section */

/* Begin PBXFileReference section */
		0E8D2128FDD130E711DEDF59 /* Pods-ProgrammaticTemplateTests.debug.xcconfig */ = {isa = PBXFileReference; includeInIndex = 1; lastKnownFileType = text.xcconfig; name = "Pods-ProgrammaticTemplateTests.debug.xcconfig"; path = "Target Support Files/Pods-ProgrammaticTemplateTests/Pods-ProgrammaticTemplateTests.debug.xcconfig"; sourceTree = "<group>"; };
		1AF09777E40A719677300825 /* Pods_ProgrammaticTemplate.framework */ = {isa = PBXFileReference; explicitFileType = wrapper.framework; includeInIndex = 0; path = Pods_ProgrammaticTemplate.framework; sourceTree = BUILT_PRODUCTS_DIR; };
		592C0F766908375E4BD73F2C /* Pods-ProgrammaticTemplateTests.release.xcconfig */ = {isa = PBXFileReference; includeInIndex = 1; lastKnownFileType = text.xcconfig; name = "Pods-ProgrammaticTemplateTests.release.xcconfig"; path = "Target Support Files/Pods-ProgrammaticTemplateTests/Pods-ProgrammaticTemplateTests.release.xcconfig"; sourceTree = "<group>"; };
		59CF938AF2BEAD2A8BC49137 /* Pods-ProgrammaticTemplate-ProgrammaticTemplateUITests.debug.xcconfig */ = {isa = PBXFileReference; includeInIndex = 1; lastKnownFileType = text.xcconfig; name = "Pods-ProgrammaticTemplate-ProgrammaticTemplateUITests.debug.xcconfig"; path = "Target Support Files/Pods-ProgrammaticTemplate-ProgrammaticTemplateUITests/Pods-ProgrammaticTemplate-ProgrammaticTemplateUITests.debug.xcconfig"; sourceTree = "<group>"; };
		6A5523180A0A8D44AC9707E8 /* Pods_ProgrammaticTemplate_ProgrammaticTemplateUITests.framework */ = {isa = PBXFileReference; explicitFileType = wrapper.framework; includeInIndex = 0; path = Pods_ProgrammaticTemplate_ProgrammaticTemplateUITests.framework; sourceTree = BUILT_PRODUCTS_DIR; };
		9367DD86D5FC81322071E611 /* Pods_ProgrammaticTemplateTests.framework */ = {isa = PBXFileReference; explicitFileType = wrapper.framework; includeInIndex = 0; path = Pods_ProgrammaticTemplateTests.framework; sourceTree = BUILT_PRODUCTS_DIR; };
		D0105DF329DFA23A007ABD24 /* ProgrammaticTemplate.app */ = {isa = PBXFileReference; explicitFileType = wrapper.application; includeInIndex = 0; path = ProgrammaticTemplate.app; sourceTree = BUILT_PRODUCTS_DIR; };
		D0105DF629DFA23A007ABD24 /* AppDelegate.swift */ = {isa = PBXFileReference; lastKnownFileType = sourcecode.swift; path = AppDelegate.swift; sourceTree = "<group>"; };
		D0105DF829DFA23A007ABD24 /* SceneDelegate.swift */ = {isa = PBXFileReference; lastKnownFileType = sourcecode.swift; path = SceneDelegate.swift; sourceTree = "<group>"; };
		D0105DFA29DFA23A007ABD24 /* RootViewController.swift */ = {isa = PBXFileReference; lastKnownFileType = sourcecode.swift; path = RootViewController.swift; sourceTree = "<group>"; };
		D0105DFF29DFA23C007ABD24 /* Assets.xcassets */ = {isa = PBXFileReference; lastKnownFileType = folder.assetcatalog; path = Assets.xcassets; sourceTree = "<group>"; };
		D0105E0429DFA23C007ABD24 /* Info.plist */ = {isa = PBXFileReference; lastKnownFileType = text.plist.xml; path = Info.plist; sourceTree = "<group>"; };
		D0105E0929DFA23C007ABD24 /* ProgrammaticTemplateTests.xctest */ = {isa = PBXFileReference; explicitFileType = wrapper.cfbundle; includeInIndex = 0; path = ProgrammaticTemplateTests.xctest; sourceTree = BUILT_PRODUCTS_DIR; };
		D0105E0D29DFA23C007ABD24 /* ProgrammaticTemplateTests.swift */ = {isa = PBXFileReference; lastKnownFileType = sourcecode.swift; path = ProgrammaticTemplateTests.swift; sourceTree = "<group>"; };
		D0105E1329DFA23C007ABD24 /* ProgrammaticTemplateUITests.xctest */ = {isa = PBXFileReference; explicitFileType = wrapper.cfbundle; includeInIndex = 0; path = ProgrammaticTemplateUITests.xctest; sourceTree = BUILT_PRODUCTS_DIR; };
		D0105E1729DFA23C007ABD24 /* ProgrammaticTemplateUITests.swift */ = {isa = PBXFileReference; lastKnownFileType = sourcecode.swift; path = ProgrammaticTemplateUITests.swift; sourceTree = "<group>"; };
		D0105E1929DFA23C007ABD24 /* ProgrammaticTemplateUITestsLaunchTests.swift */ = {isa = PBXFileReference; lastKnownFileType = sourcecode.swift; path = ProgrammaticTemplateUITestsLaunchTests.swift; sourceTree = "<group>"; };
		D075CBDC29F743B300D45502 /* BlueViewController.swift */ = {isa = PBXFileReference; lastKnownFileType = sourcecode.swift; path = BlueViewController.swift; sourceTree = "<group>"; };
		D09189B729F0B198002C87D8 /* RootViewModel.swift */ = {isa = PBXFileReference; lastKnownFileType = sourcecode.swift; path = RootViewModel.swift; sourceTree = "<group>"; };
		F1A522E29E50072A378F64BF /* Pods-ProgrammaticTemplate-ProgrammaticTemplateUITests.release.xcconfig */ = {isa = PBXFileReference; includeInIndex = 1; lastKnownFileType = text.xcconfig; name = "Pods-ProgrammaticTemplate-ProgrammaticTemplateUITests.release.xcconfig"; path = "Target Support Files/Pods-ProgrammaticTemplate-ProgrammaticTemplateUITests/Pods-ProgrammaticTemplate-ProgrammaticTemplateUITests.release.xcconfig"; sourceTree = "<group>"; };
		FB2547D97523178DD4920CEA /* Pods-ProgrammaticTemplate.debug.xcconfig */ = {isa = PBXFileReference; includeInIndex = 1; lastKnownFileType = text.xcconfig; name = "Pods-ProgrammaticTemplate.debug.xcconfig"; path = "Target Support Files/Pods-ProgrammaticTemplate/Pods-ProgrammaticTemplate.debug.xcconfig"; sourceTree = "<group>"; };
		FD3B520C9F03A66AF95620E6 /* Pods-ProgrammaticTemplate.release.xcconfig */ = {isa = PBXFileReference; includeInIndex = 1; lastKnownFileType = text.xcconfig; name = "Pods-ProgrammaticTemplate.release.xcconfig"; path = "Target Support Files/Pods-ProgrammaticTemplate/Pods-ProgrammaticTemplate.release.xcconfig"; sourceTree = "<group>"; };
/* End PBXFileReference section */

/* Begin PBXFrameworksBuildPhase section */
		D0105DF029DFA23A007ABD24 /* Frameworks */ = {
			isa = PBXFrameworksBuildPhase;
			buildActionMask = 2147483647;
			files = (
				D033054900BDEFDFB28B3622 /* Pods_ProgrammaticTemplate.framework in Frameworks */,
			);
			runOnlyForDeploymentPostprocessing = 0;
		};
		D0105E0629DFA23C007ABD24 /* Frameworks */ = {
			isa = PBXFrameworksBuildPhase;
			buildActionMask = 2147483647;
			files = (
				DAF0515590714A96CEDECDD5 /* Pods_ProgrammaticTemplateTests.framework in Frameworks */,
			);
			runOnlyForDeploymentPostprocessing = 0;
		};
		D0105E1029DFA23C007ABD24 /* Frameworks */ = {
			isa = PBXFrameworksBuildPhase;
			buildActionMask = 2147483647;
			files = (
				7C5B2D37CA7661B6149567FA /* Pods_ProgrammaticTemplate_ProgrammaticTemplateUITests.framework in Frameworks */,
			);
			runOnlyForDeploymentPostprocessing = 0;
		};
/* End PBXFrameworksBuildPhase section */

/* Begin PBXGroup section */
		49A0DCAA0B0EBDB098E10970 /* Pods */ = {
			isa = PBXGroup;
			children = (
				FB2547D97523178DD4920CEA /* Pods-ProgrammaticTemplate.debug.xcconfig */,
				FD3B520C9F03A66AF95620E6 /* Pods-ProgrammaticTemplate.release.xcconfig */,
				59CF938AF2BEAD2A8BC49137 /* Pods-ProgrammaticTemplate-ProgrammaticTemplateUITests.debug.xcconfig */,
				F1A522E29E50072A378F64BF /* Pods-ProgrammaticTemplate-ProgrammaticTemplateUITests.release.xcconfig */,
				0E8D2128FDD130E711DEDF59 /* Pods-ProgrammaticTemplateTests.debug.xcconfig */,
				592C0F766908375E4BD73F2C /* Pods-ProgrammaticTemplateTests.release.xcconfig */,
			);
			path = Pods;
			sourceTree = "<group>";
		};
		71123684784C0CBED2C278A4 /* Frameworks */ = {
			isa = PBXGroup;
			children = (
				1AF09777E40A719677300825 /* Pods_ProgrammaticTemplate.framework */,
				6A5523180A0A8D44AC9707E8 /* Pods_ProgrammaticTemplate_ProgrammaticTemplateUITests.framework */,
				9367DD86D5FC81322071E611 /* Pods_ProgrammaticTemplateTests.framework */,
			);
			name = Frameworks;
			sourceTree = "<group>";
		};
		D0105DEA29DFA23A007ABD24 = {
			isa = PBXGroup;
			children = (
				D0105DF529DFA23A007ABD24 /* ProgrammaticTemplate */,
				D0105E0C29DFA23C007ABD24 /* ProgrammaticTemplateTests */,
				D0105E1629DFA23C007ABD24 /* ProgrammaticTemplateUITests */,
				D0105DF429DFA23A007ABD24 /* Products */,
				49A0DCAA0B0EBDB098E10970 /* Pods */,
				71123684784C0CBED2C278A4 /* Frameworks */,
			);
			sourceTree = "<group>";
		};
		D0105DF429DFA23A007ABD24 /* Products */ = {
			isa = PBXGroup;
			children = (
				D0105DF329DFA23A007ABD24 /* ProgrammaticTemplate.app */,
				D0105E0929DFA23C007ABD24 /* ProgrammaticTemplateTests.xctest */,
				D0105E1329DFA23C007ABD24 /* ProgrammaticTemplateUITests.xctest */,
			);
			name = Products;
			sourceTree = "<group>";
		};
		D0105DF529DFA23A007ABD24 /* ProgrammaticTemplate */ = {
			isa = PBXGroup;
			children = (
				D0105DF629DFA23A007ABD24 /* AppDelegate.swift */,
				D0105DF829DFA23A007ABD24 /* SceneDelegate.swift */,
				D075CBDB29F7436400D45502 /* TableView */,
				D09189B629F0B151002C87D8 /* Root */,
				D0105DFF29DFA23C007ABD24 /* Assets.xcassets */,
				D0105E0429DFA23C007ABD24 /* Info.plist */,
			);
			path = ProgrammaticTemplate;
			sourceTree = "<group>";
		};
		D0105E0C29DFA23C007ABD24 /* ProgrammaticTemplateTests */ = {
			isa = PBXGroup;
			children = (
				D0105E0D29DFA23C007ABD24 /* ProgrammaticTemplateTests.swift */,
			);
			path = ProgrammaticTemplateTests;
			sourceTree = "<group>";
		};
		D0105E1629DFA23C007ABD24 /* ProgrammaticTemplateUITests */ = {
			isa = PBXGroup;
			children = (
				D0105E1729DFA23C007ABD24 /* ProgrammaticTemplateUITests.swift */,
				D0105E1929DFA23C007ABD24 /* ProgrammaticTemplateUITestsLaunchTests.swift */,
			);
			path = ProgrammaticTemplateUITests;
			sourceTree = "<group>";
		};
		D075CBDB29F7436400D45502 /* TableView */ = {
			isa = PBXGroup;
			children = (
				D075CBDC29F743B300D45502 /* BlueViewController.swift */,
			);
			path = TableView;
			sourceTree = "<group>";
		};
		D09189B629F0B151002C87D8 /* Root */ = {
			isa = PBXGroup;
			children = (
				D0105DFA29DFA23A007ABD24 /* RootViewController.swift */,
				D09189B729F0B198002C87D8 /* RootViewModel.swift */,
			);
			path = Root;
			sourceTree = "<group>";
		};
/* End PBXGroup section */

/* Begin PBXNativeTarget section */
		D0105DF229DFA23A007ABD24 /* ProgrammaticTemplate */ = {
			isa = PBXNativeTarget;
			buildConfigurationList = D0105E1D29DFA23C007ABD24 /* Build configuration list for PBXNativeTarget "ProgrammaticTemplate" */;
			buildPhases = (
				D965D7561AF1B47A4067E716 /* [CP] Check Pods Manifest.lock */,
				D0105DEF29DFA23A007ABD24 /* Sources */,
				D0105DF029DFA23A007ABD24 /* Frameworks */,
				D0105DF129DFA23A007ABD24 /* Resources */,
				567EB7AA9D9197DAD38DE635 /* [CP] Embed Pods Frameworks */,
			);
			buildRules = (
			);
			dependencies = (
			);
			name = ProgrammaticTemplate;
			productName = ProgrammaticTemplate;
			productReference = D0105DF329DFA23A007ABD24 /* ProgrammaticTemplate.app */;
			productType = "com.apple.product-type.application";
		};
		D0105E0829DFA23C007ABD24 /* ProgrammaticTemplateTests */ = {
			isa = PBXNativeTarget;
			buildConfigurationList = D0105E2029DFA23C007ABD24 /* Build configuration list for PBXNativeTarget "ProgrammaticTemplateTests" */;
			buildPhases = (
				BC24E14BDDB99FA7914AA059 /* [CP] Check Pods Manifest.lock */,
				D0105E0529DFA23C007ABD24 /* Sources */,
				D0105E0629DFA23C007ABD24 /* Frameworks */,
				D0105E0729DFA23C007ABD24 /* Resources */,
			);
			buildRules = (
			);
			dependencies = (
				D0105E0B29DFA23C007ABD24 /* PBXTargetDependency */,
			);
			name = ProgrammaticTemplateTests;
			productName = ProgrammaticTemplateTests;
			productReference = D0105E0929DFA23C007ABD24 /* ProgrammaticTemplateTests.xctest */;
			productType = "com.apple.product-type.bundle.unit-test";
		};
		D0105E1229DFA23C007ABD24 /* ProgrammaticTemplateUITests */ = {
			isa = PBXNativeTarget;
			buildConfigurationList = D0105E2329DFA23C007ABD24 /* Build configuration list for PBXNativeTarget "ProgrammaticTemplateUITests" */;
			buildPhases = (
				69FB37327E133251E6BB47A2 /* [CP] Check Pods Manifest.lock */,
				D0105E0F29DFA23C007ABD24 /* Sources */,
				D0105E1029DFA23C007ABD24 /* Frameworks */,
				D0105E1129DFA23C007ABD24 /* Resources */,
				59BED61DBB9C1E1735FA6ADB /* [CP] Embed Pods Frameworks */,
			);
			buildRules = (
			);
			dependencies = (
				D0105E1529DFA23C007ABD24 /* PBXTargetDependency */,
			);
			name = ProgrammaticTemplateUITests;
			productName = ProgrammaticTemplateUITests;
			productReference = D0105E1329DFA23C007ABD24 /* ProgrammaticTemplateUITests.xctest */;
			productType = "com.apple.product-type.bundle.ui-testing";
		};
/* End PBXNativeTarget section */

/* Begin PBXProject section */
		D0105DEB29DFA23A007ABD24 /* Project object */ = {
			isa = PBXProject;
			attributes = {
				BuildIndependentTargetsInParallel = 1;
				LastSwiftUpdateCheck = 1410;
				LastUpgradeCheck = 1410;
				TargetAttributes = {
					D0105DF229DFA23A007ABD24 = {
						CreatedOnToolsVersion = 14.1;
					};
					D0105E0829DFA23C007ABD24 = {
						CreatedOnToolsVersion = 14.1;
						TestTargetID = D0105DF229DFA23A007ABD24;
					};
					D0105E1229DFA23C007ABD24 = {
						CreatedOnToolsVersion = 14.1;
						TestTargetID = D0105DF229DFA23A007ABD24;
					};
				};
			};
			buildConfigurationList = D0105DEE29DFA23A007ABD24 /* Build configuration list for PBXProject "ProgrammaticTemplate" */;
			compatibilityVersion = "Xcode 14.0";
			developmentRegion = en;
			hasScannedForEncodings = 0;
			knownRegions = (
				en,
				Base,
			);
			mainGroup = D0105DEA29DFA23A007ABD24;
			productRefGroup = D0105DF429DFA23A007ABD24 /* Products */;
			projectDirPath = "";
			projectRoot = "";
			targets = (
				D0105DF229DFA23A007ABD24 /* ProgrammaticTemplate */,
				D0105E0829DFA23C007ABD24 /* ProgrammaticTemplateTests */,
				D0105E1229DFA23C007ABD24 /* ProgrammaticTemplateUITests */,
			);
		};
/* End PBXProject section */

/* Begin PBXResourcesBuildPhase section */
		D0105DF129DFA23A007ABD24 /* Resources */ = {
			isa = PBXResourcesBuildPhase;
			buildActionMask = 2147483647;
			files = (
				D0105E0029DFA23C007ABD24 /* Assets.xcassets in Resources */,
			);
			runOnlyForDeploymentPostprocessing = 0;
		};
		D0105E0729DFA23C007ABD24 /* Resources */ = {
			isa = PBXResourcesBuildPhase;
			buildActionMask = 2147483647;
			files = (
			);
			runOnlyForDeploymentPostprocessing = 0;
		};
		D0105E1129DFA23C007ABD24 /* Resources */ = {
			isa = PBXResourcesBuildPhase;
			buildActionMask = 2147483647;
			files = (
			);
			runOnlyForDeploymentPostprocessing = 0;
		};
/* End PBXResourcesBuildPhase section */

/* Begin PBXShellScriptBuildPhase section */
		567EB7AA9D9197DAD38DE635 /* [CP] Embed Pods Frameworks */ = {
			isa = PBXShellScriptBuildPhase;
			buildActionMask = 2147483647;
			files = (
			);
			inputFileListPaths = (
				"${PODS_ROOT}/Target Support Files/Pods-ProgrammaticTemplate/Pods-ProgrammaticTemplate-frameworks-${CONFIGURATION}-input-files.xcfilelist",
			);
			name = "[CP] Embed Pods Frameworks";
			outputFileListPaths = (
				"${PODS_ROOT}/Target Support Files/Pods-ProgrammaticTemplate/Pods-ProgrammaticTemplate-frameworks-${CONFIGURATION}-output-files.xcfilelist",
			);
			runOnlyForDeploymentPostprocessing = 0;
			shellPath = /bin/sh;
			shellScript = "\"${PODS_ROOT}/Target Support Files/Pods-ProgrammaticTemplate/Pods-ProgrammaticTemplate-frameworks.sh\"\n";
			showEnvVarsInLog = 0;
		};
		59BED61DBB9C1E1735FA6ADB /* [CP] Embed Pods Frameworks */ = {
			isa = PBXShellScriptBuildPhase;
			buildActionMask = 2147483647;
			files = (
			);
			inputFileListPaths = (
				"${PODS_ROOT}/Target Support Files/Pods-ProgrammaticTemplate-ProgrammaticTemplateUITests/Pods-ProgrammaticTemplate-ProgrammaticTemplateUITests-frameworks-${CONFIGURATION}-input-files.xcfilelist",
			);
			name = "[CP] Embed Pods Frameworks";
			outputFileListPaths = (
				"${PODS_ROOT}/Target Support Files/Pods-ProgrammaticTemplate-ProgrammaticTemplateUITests/Pods-ProgrammaticTemplate-ProgrammaticTemplateUITests-frameworks-${CONFIGURATION}-output-files.xcfilelist",
			);
			runOnlyForDeploymentPostprocessing = 0;
			shellPath = /bin/sh;
			shellScript = "\"${PODS_ROOT}/Target Support Files/Pods-ProgrammaticTemplate-ProgrammaticTemplateUITests/Pods-ProgrammaticTemplate-ProgrammaticTemplateUITests-frameworks.sh\"\n";
			showEnvVarsInLog = 0;
		};
		69FB37327E133251E6BB47A2 /* [CP] Check Pods Manifest.lock */ = {
			isa = PBXShellScriptBuildPhase;
			buildActionMask = 2147483647;
			files = (
			);
			inputFileListPaths = (
			);
			inputPaths = (
				"${PODS_PODFILE_DIR_PATH}/Podfile.lock",
				"${PODS_ROOT}/Manifest.lock",
			);
			name = "[CP] Check Pods Manifest.lock";
			outputFileListPaths = (
			);
			outputPaths = (
				"$(DERIVED_FILE_DIR)/Pods-ProgrammaticTemplate-ProgrammaticTemplateUITests-checkManifestLockResult.txt",
			);
			runOnlyForDeploymentPostprocessing = 0;
			shellPath = /bin/sh;
			shellScript = "diff \"${PODS_PODFILE_DIR_PATH}/Podfile.lock\" \"${PODS_ROOT}/Manifest.lock\" > /dev/null\nif [ $? != 0 ] ; then\n    # print error to STDERR\n    echo \"error: The sandbox is not in sync with the Podfile.lock. Run 'pod install' or update your CocoaPods installation.\" >&2\n    exit 1\nfi\n# This output is used by Xcode 'outputs' to avoid re-running this script phase.\necho \"SUCCESS\" > \"${SCRIPT_OUTPUT_FILE_0}\"\n";
			showEnvVarsInLog = 0;
		};
		BC24E14BDDB99FA7914AA059 /* [CP] Check Pods Manifest.lock */ = {
			isa = PBXShellScriptBuildPhase;
			buildActionMask = 2147483647;
			files = (
			);
			inputFileListPaths = (
			);
			inputPaths = (
				"${PODS_PODFILE_DIR_PATH}/Podfile.lock",
				"${PODS_ROOT}/Manifest.lock",
			);
			name = "[CP] Check Pods Manifest.lock";
			outputFileListPaths = (
			);
			outputPaths = (
				"$(DERIVED_FILE_DIR)/Pods-ProgrammaticTemplateTests-checkManifestLockResult.txt",
			);
			runOnlyForDeploymentPostprocessing = 0;
			shellPath = /bin/sh;
			shellScript = "diff \"${PODS_PODFILE_DIR_PATH}/Podfile.lock\" \"${PODS_ROOT}/Manifest.lock\" > /dev/null\nif [ $? != 0 ] ; then\n    # print error to STDERR\n    echo \"error: The sandbox is not in sync with the Podfile.lock. Run 'pod install' or update your CocoaPods installation.\" >&2\n    exit 1\nfi\n# This output is used by Xcode 'outputs' to avoid re-running this script phase.\necho \"SUCCESS\" > \"${SCRIPT_OUTPUT_FILE_0}\"\n";
			showEnvVarsInLog = 0;
		};
		D965D7561AF1B47A4067E716 /* [CP] Check Pods Manifest.lock */ = {
			isa = PBXShellScriptBuildPhase;
			buildActionMask = 2147483647;
			files = (
			);
			inputFileListPaths = (
			);
			inputPaths = (
				"${PODS_PODFILE_DIR_PATH}/Podfile.lock",
				"${PODS_ROOT}/Manifest.lock",
			);
			name = "[CP] Check Pods Manifest.lock";
			outputFileListPaths = (
			);
			outputPaths = (
				"$(DERIVED_FILE_DIR)/Pods-ProgrammaticTemplate-checkManifestLockResult.txt",
			);
			runOnlyForDeploymentPostprocessing = 0;
			shellPath = /bin/sh;
			shellScript = "diff \"${PODS_PODFILE_DIR_PATH}/Podfile.lock\" \"${PODS_ROOT}/Manifest.lock\" > /dev/null\nif [ $? != 0 ] ; then\n    # print error to STDERR\n    echo \"error: The sandbox is not in sync with the Podfile.lock. Run 'pod install' or update your CocoaPods installation.\" >&2\n    exit 1\nfi\n# This output is used by Xcode 'outputs' to avoid re-running this script phase.\necho \"SUCCESS\" > \"${SCRIPT_OUTPUT_FILE_0}\"\n";
			showEnvVarsInLog = 0;
		};
/* End PBXShellScriptBuildPhase section */

/* Begin PBXSourcesBuildPhase section */
		D0105DEF29DFA23A007ABD24 /* Sources */ = {
			isa = PBXSourcesBuildPhase;
			buildActionMask = 2147483647;
			files = (
				D0105DFB29DFA23A007ABD24 /* RootViewController.swift in Sources */,
				D0105DF729DFA23A007ABD24 /* AppDelegate.swift in Sources */,
				D09189B829F0B198002C87D8 /* RootViewModel.swift in Sources */,
				D075CBDD29F743B300D45502 /* BlueViewController.swift in Sources */,
				D0105DF929DFA23A007ABD24 /* SceneDelegate.swift in Sources */,
			);
			runOnlyForDeploymentPostprocessing = 0;
		};
		D0105E0529DFA23C007ABD24 /* Sources */ = {
			isa = PBXSourcesBuildPhase;
			buildActionMask = 2147483647;
			files = (
				D0105E0E29DFA23C007ABD24 /* ProgrammaticTemplateTests.swift in Sources */,
			);
			runOnlyForDeploymentPostprocessing = 0;
		};
		D0105E0F29DFA23C007ABD24 /* Sources */ = {
			isa = PBXSourcesBuildPhase;
			buildActionMask = 2147483647;
			files = (
				D0105E1A29DFA23C007ABD24 /* ProgrammaticTemplateUITestsLaunchTests.swift in Sources */,
				D0105E1829DFA23C007ABD24 /* ProgrammaticTemplateUITests.swift in Sources */,
			);
			runOnlyForDeploymentPostprocessing = 0;
		};
/* End PBXSourcesBuildPhase section */

/* Begin PBXTargetDependency section */
		D0105E0B29DFA23C007ABD24 /* PBXTargetDependency */ = {
			isa = PBXTargetDependency;
			target = D0105DF229DFA23A007ABD24 /* ProgrammaticTemplate */;
			targetProxy = D0105E0A29DFA23C007ABD24 /* PBXContainerItemProxy */;
		};
		D0105E1529DFA23C007ABD24 /* PBXTargetDependency */ = {
			isa = PBXTargetDependency;
			target = D0105DF229DFA23A007ABD24 /* ProgrammaticTemplate */;
			targetProxy = D0105E1429DFA23C007ABD24 /* PBXContainerItemProxy */;
		};
/* End PBXTargetDependency section */

/* Begin XCBuildConfiguration section */
		D0105E1B29DFA23C007ABD24 /* Debug */ = {
			isa = XCBuildConfiguration;
			buildSettings = {
				ALWAYS_SEARCH_USER_PATHS = NO;
				CLANG_ANALYZER_NONNULL = YES;
				CLANG_ANALYZER_NUMBER_OBJECT_CONVERSION = YES_AGGRESSIVE;
				CLANG_CXX_LANGUAGE_STANDARD = "gnu++20";
				CLANG_ENABLE_MODULES = YES;
				CLANG_ENABLE_OBJC_ARC = YES;
				CLANG_ENABLE_OBJC_WEAK = YES;
				CLANG_WARN_BLOCK_CAPTURE_AUTORELEASING = YES;
				CLANG_WARN_BOOL_CONVERSION = YES;
				CLANG_WARN_COMMA = YES;
				CLANG_WARN_CONSTANT_CONVERSION = YES;
				CLANG_WARN_DEPRECATED_OBJC_IMPLEMENTATIONS = YES;
				CLANG_WARN_DIRECT_OBJC_ISA_USAGE = YES_ERROR;
				CLANG_WARN_DOCUMENTATION_COMMENTS = YES;
				CLANG_WARN_EMPTY_BODY = YES;
				CLANG_WARN_ENUM_CONVERSION = YES;
				CLANG_WARN_INFINITE_RECURSION = YES;
				CLANG_WARN_INT_CONVERSION = YES;
				CLANG_WARN_NON_LITERAL_NULL_CONVERSION = YES;
				CLANG_WARN_OBJC_IMPLICIT_RETAIN_SELF = YES;
				CLANG_WARN_OBJC_LITERAL_CONVERSION = YES;
				CLANG_WARN_OBJC_ROOT_CLASS = YES_ERROR;
				CLANG_WARN_QUOTED_INCLUDE_IN_FRAMEWORK_HEADER = YES;
				CLANG_WARN_RANGE_LOOP_ANALYSIS = YES;
				CLANG_WARN_STRICT_PROTOTYPES = YES;
				CLANG_WARN_SUSPICIOUS_MOVE = YES;
				CLANG_WARN_UNGUARDED_AVAILABILITY = YES_AGGRESSIVE;
				CLANG_WARN_UNREACHABLE_CODE = YES;
				CLANG_WARN__DUPLICATE_METHOD_MATCH = YES;
				COPY_PHASE_STRIP = NO;
				DEBUG_INFORMATION_FORMAT = dwarf;
				ENABLE_STRICT_OBJC_MSGSEND = YES;
				ENABLE_TESTABILITY = YES;
				GCC_C_LANGUAGE_STANDARD = gnu11;
				GCC_DYNAMIC_NO_PIC = NO;
				GCC_NO_COMMON_BLOCKS = YES;
				GCC_OPTIMIZATION_LEVEL = 0;
				GCC_PREPROCESSOR_DEFINITIONS = (
					"DEBUG=1",
					"$(inherited)",
				);
				GCC_WARN_64_TO_32_BIT_CONVERSION = YES;
				GCC_WARN_ABOUT_RETURN_TYPE = YES_ERROR;
				GCC_WARN_UNDECLARED_SELECTOR = YES;
				GCC_WARN_UNINITIALIZED_AUTOS = YES_AGGRESSIVE;
				GCC_WARN_UNUSED_FUNCTION = YES;
				GCC_WARN_UNUSED_VARIABLE = YES;
				IPHONEOS_DEPLOYMENT_TARGET = 16.1;
				MTL_ENABLE_DEBUG_INFO = INCLUDE_SOURCE;
				MTL_FAST_MATH = YES;
				ONLY_ACTIVE_ARCH = YES;
				SDKROOT = iphoneos;
				SWIFT_ACTIVE_COMPILATION_CONDITIONS = DEBUG;
				SWIFT_OPTIMIZATION_LEVEL = "-Onone";
			};
			name = Debug;
		};
		D0105E1C29DFA23C007ABD24 /* Release */ = {
			isa = XCBuildConfiguration;
			buildSettings = {
				ALWAYS_SEARCH_USER_PATHS = NO;
				CLANG_ANALYZER_NONNULL = YES;
				CLANG_ANALYZER_NUMBER_OBJECT_CONVERSION = YES_AGGRESSIVE;
				CLANG_CXX_LANGUAGE_STANDARD = "gnu++20";
				CLANG_ENABLE_MODULES = YES;
				CLANG_ENABLE_OBJC_ARC = YES;
				CLANG_ENABLE_OBJC_WEAK = YES;
				CLANG_WARN_BLOCK_CAPTURE_AUTORELEASING = YES;
				CLANG_WARN_BOOL_CONVERSION = YES;
				CLANG_WARN_COMMA = YES;
				CLANG_WARN_CONSTANT_CONVERSION = YES;
				CLANG_WARN_DEPRECATED_OBJC_IMPLEMENTATIONS = YES;
				CLANG_WARN_DIRECT_OBJC_ISA_USAGE = YES_ERROR;
				CLANG_WARN_DOCUMENTATION_COMMENTS = YES;
				CLANG_WARN_EMPTY_BODY = YES;
				CLANG_WARN_ENUM_CONVERSION = YES;
				CLANG_WARN_INFINITE_RECURSION = YES;
				CLANG_WARN_INT_CONVERSION = YES;
				CLANG_WARN_NON_LITERAL_NULL_CONVERSION = YES;
				CLANG_WARN_OBJC_IMPLICIT_RETAIN_SELF = YES;
				CLANG_WARN_OBJC_LITERAL_CONVERSION = YES;
				CLANG_WARN_OBJC_ROOT_CLASS = YES_ERROR;
				CLANG_WARN_QUOTED_INCLUDE_IN_FRAMEWORK_HEADER = YES;
				CLANG_WARN_RANGE_LOOP_ANALYSIS = YES;
				CLANG_WARN_STRICT_PROTOTYPES = YES;
				CLANG_WARN_SUSPICIOUS_MOVE = YES;
				CLANG_WARN_UNGUARDED_AVAILABILITY = YES_AGGRESSIVE;
				CLANG_WARN_UNREACHABLE_CODE = YES;
				CLANG_WARN__DUPLICATE_METHOD_MATCH = YES;
				COPY_PHASE_STRIP = NO;
				DEBUG_INFORMATION_FORMAT = "dwarf-with-dsym";
				ENABLE_NS_ASSERTIONS = NO;
				ENABLE_STRICT_OBJC_MSGSEND = YES;
				GCC_C_LANGUAGE_STANDARD = gnu11;
				GCC_NO_COMMON_BLOCKS = YES;
				GCC_WARN_64_TO_32_BIT_CONVERSION = YES;
				GCC_WARN_ABOUT_RETURN_TYPE = YES_ERROR;
				GCC_WARN_UNDECLARED_SELECTOR = YES;
				GCC_WARN_UNINITIALIZED_AUTOS = YES_AGGRESSIVE;
				GCC_WARN_UNUSED_FUNCTION = YES;
				GCC_WARN_UNUSED_VARIABLE = YES;
				IPHONEOS_DEPLOYMENT_TARGET = 16.1;
				MTL_ENABLE_DEBUG_INFO = NO;
				MTL_FAST_MATH = YES;
				SDKROOT = iphoneos;
				SWIFT_COMPILATION_MODE = wholemodule;
				SWIFT_OPTIMIZATION_LEVEL = "-O";
				VALIDATE_PRODUCT = YES;
			};
			name = Release;
		};
		D0105E1E29DFA23C007ABD24 /* Debug */ = {
			isa = XCBuildConfiguration;
			baseConfigurationReference = FB2547D97523178DD4920CEA /* Pods-ProgrammaticTemplate.debug.xcconfig */;
			buildSettings = {
				ASSETCATALOG_COMPILER_APPICON_NAME = AppIcon;
				ASSETCATALOG_COMPILER_GLOBAL_ACCENT_COLOR_NAME = AccentColor;
				CODE_SIGN_STYLE = Automatic;
				CURRENT_PROJECT_VERSION = 1;
				DEVELOPMENT_TEAM = P7768FL9DQ;
				GENERATE_INFOPLIST_FILE = YES;
				INFOPLIST_FILE = ProgrammaticTemplate/Info.plist;
				INFOPLIST_KEY_UIApplicationSupportsIndirectInputEvents = YES;
				INFOPLIST_KEY_UILaunchStoryboardName = LaunchScreen;
				INFOPLIST_KEY_UISupportedInterfaceOrientations_iPad = "UIInterfaceOrientationPortrait UIInterfaceOrientationPortraitUpsideDown UIInterfaceOrientationLandscapeLeft UIInterfaceOrientationLandscapeRight";
				INFOPLIST_KEY_UISupportedInterfaceOrientations_iPhone = "UIInterfaceOrientationPortrait UIInterfaceOrientationLandscapeLeft UIInterfaceOrientationLandscapeRight";
				LD_RUNPATH_SEARCH_PATHS = (
					"$(inherited)",
					"@executable_path/Frameworks",
				);
				MARKETING_VERSION = 1.0;
				PRODUCT_BUNDLE_IDENTIFIER = BillMcCann.ProgrammaticTemplate;
				PRODUCT_NAME = "$(TARGET_NAME)";
				SWIFT_EMIT_LOC_STRINGS = YES;
				SWIFT_VERSION = 5.0;
				TARGETED_DEVICE_FAMILY = "1,2";
			};
			name = Debug;
		};
		D0105E1F29DFA23C007ABD24 /* Release */ = {
			isa = XCBuildConfiguration;
			baseConfigurationReference = FD3B520C9F03A66AF95620E6 /* Pods-ProgrammaticTemplate.release.xcconfig */;
			buildSettings = {
				ASSETCATALOG_COMPILER_APPICON_NAME = AppIcon;
				ASSETCATALOG_COMPILER_GLOBAL_ACCENT_COLOR_NAME = AccentColor;
				CODE_SIGN_STYLE = Automatic;
				CURRENT_PROJECT_VERSION = 1;
				DEVELOPMENT_TEAM = P7768FL9DQ;
				GENERATE_INFOPLIST_FILE = YES;
				INFOPLIST_FILE = ProgrammaticTemplate/Info.plist;
				INFOPLIST_KEY_UIApplicationSupportsIndirectInputEvents = YES;
				INFOPLIST_KEY_UILaunchStoryboardName = LaunchScreen;
				INFOPLIST_KEY_UISupportedInterfaceOrientations_iPad = "UIInterfaceOrientationPortrait UIInterfaceOrientationPortraitUpsideDown UIInterfaceOrientationLandscapeLeft UIInterfaceOrientationLandscapeRight";
				INFOPLIST_KEY_UISupportedInterfaceOrientations_iPhone = "UIInterfaceOrientationPortrait UIInterfaceOrientationLandscapeLeft UIInterfaceOrientationLandscapeRight";
				LD_RUNPATH_SEARCH_PATHS = (
					"$(inherited)",
					"@executable_path/Frameworks",
				);
				MARKETING_VERSION = 1.0;
				PRODUCT_BUNDLE_IDENTIFIER = BillMcCann.ProgrammaticTemplate;
				PRODUCT_NAME = "$(TARGET_NAME)";
				SWIFT_EMIT_LOC_STRINGS = YES;
				SWIFT_VERSION = 5.0;
				TARGETED_DEVICE_FAMILY = "1,2";
			};
			name = Release;
		};
		D0105E2129DFA23C007ABD24 /* Debug */ = {
			isa = XCBuildConfiguration;
			baseConfigurationReference = 0E8D2128FDD130E711DEDF59 /* Pods-ProgrammaticTemplateTests.debug.xcconfig */;
			buildSettings = {
				ALWAYS_EMBED_SWIFT_STANDARD_LIBRARIES = YES;
				BUNDLE_LOADER = "$(TEST_HOST)";
				CODE_SIGN_STYLE = Automatic;
				CURRENT_PROJECT_VERSION = 1;
				DEVELOPMENT_TEAM = P7768FL9DQ;
				GENERATE_INFOPLIST_FILE = YES;
				IPHONEOS_DEPLOYMENT_TARGET = 16.1;
				MARKETING_VERSION = 1.0;
				PRODUCT_BUNDLE_IDENTIFIER = BillMcCann.ProgrammaticTemplateTests;
				PRODUCT_NAME = "$(TARGET_NAME)";
				SWIFT_EMIT_LOC_STRINGS = NO;
				SWIFT_VERSION = 5.0;
				TARGETED_DEVICE_FAMILY = "1,2";
				TEST_HOST = "$(BUILT_PRODUCTS_DIR)/ProgrammaticTemplate.app/$(BUNDLE_EXECUTABLE_FOLDER_PATH)/ProgrammaticTemplate";
			};
			name = Debug;
		};
		D0105E2229DFA23C007ABD24 /* Release */ = {
			isa = XCBuildConfiguration;
			baseConfigurationReference = 592C0F766908375E4BD73F2C /* Pods-ProgrammaticTemplateTests.release.xcconfig */;
			buildSettings = {
				ALWAYS_EMBED_SWIFT_STANDARD_LIBRARIES = YES;
				BUNDLE_LOADER = "$(TEST_HOST)";
				CODE_SIGN_STYLE = Automatic;
				CURRENT_PROJECT_VERSION = 1;
				DEVELOPMENT_TEAM = P7768FL9DQ;
				GENERATE_INFOPLIST_FILE = YES;
				IPHONEOS_DEPLOYMENT_TARGET = 16.1;
				MARKETING_VERSION = 1.0;
				PRODUCT_BUNDLE_IDENTIFIER = BillMcCann.ProgrammaticTemplateTests;
				PRODUCT_NAME = "$(TARGET_NAME)";
				SWIFT_EMIT_LOC_STRINGS = NO;
				SWIFT_VERSION = 5.0;
				TARGETED_DEVICE_FAMILY = "1,2";
				TEST_HOST = "$(BUILT_PRODUCTS_DIR)/ProgrammaticTemplate.app/$(BUNDLE_EXECUTABLE_FOLDER_PATH)/ProgrammaticTemplate";
			};
			name = Release;
		};
		D0105E2429DFA23C007ABD24 /* Debug */ = {
			isa = XCBuildConfiguration;
			baseConfigurationReference = 59CF938AF2BEAD2A8BC49137 /* Pods-ProgrammaticTemplate-ProgrammaticTemplateUITests.debug.xcconfig */;
			buildSettings = {
				ALWAYS_EMBED_SWIFT_STANDARD_LIBRARIES = "$(inherited)";
				CODE_SIGN_STYLE = Automatic;
				CURRENT_PROJECT_VERSION = 1;
				DEVELOPMENT_TEAM = P7768FL9DQ;
				GENERATE_INFOPLIST_FILE = YES;
				MARKETING_VERSION = 1.0;
				PRODUCT_BUNDLE_IDENTIFIER = BillMcCann.ProgrammaticTemplateUITests;
				PRODUCT_NAME = "$(TARGET_NAME)";
				SWIFT_EMIT_LOC_STRINGS = NO;
				SWIFT_VERSION = 5.0;
				TARGETED_DEVICE_FAMILY = "1,2";
				TEST_TARGET_NAME = ProgrammaticTemplate;
			};
			name = Debug;
		};
		D0105E2529DFA23C007ABD24 /* Release */ = {
			isa = XCBuildConfiguration;
			baseConfigurationReference = F1A522E29E50072A378F64BF /* Pods-ProgrammaticTemplate-ProgrammaticTemplateUITests.release.xcconfig */;
			buildSettings = {
				ALWAYS_EMBED_SWIFT_STANDARD_LIBRARIES = "$(inherited)";
				CODE_SIGN_STYLE = Automatic;
				CURRENT_PROJECT_VERSION = 1;
				DEVELOPMENT_TEAM = P7768FL9DQ;
				GENERATE_INFOPLIST_FILE = YES;
				MARKETING_VERSION = 1.0;
				PRODUCT_BUNDLE_IDENTIFIER = BillMcCann.ProgrammaticTemplateUITests;
				PRODUCT_NAME = "$(TARGET_NAME)";
				SWIFT_EMIT_LOC_STRINGS = NO;
				SWIFT_VERSION = 5.0;
				TARGETED_DEVICE_FAMILY = "1,2";
				TEST_TARGET_NAME = ProgrammaticTemplate;
			};
			name = Release;
		};
/* End XCBuildConfiguration section */

/* Begin XCConfigurationList section */
		D0105DEE29DFA23A007ABD24 /* Build configuration list for PBXProject "ProgrammaticTemplate" */ = {
			isa = XCConfigurationList;
			buildConfigurations = (
				D0105E1B29DFA23C007ABD24 /* Debug */,
				D0105E1C29DFA23C007ABD24 /* Release */,
			);
			defaultConfigurationIsVisible = 0;
			defaultConfigurationName = Release;
		};
		D0105E1D29DFA23C007ABD24 /* Build configuration list for PBXNativeTarget "ProgrammaticTemplate" */ = {
			isa = XCConfigurationList;
			buildConfigurations = (
				D0105E1E29DFA23C007ABD24 /* Debug */,
				D0105E1F29DFA23C007ABD24 /* Release */,
			);
			defaultConfigurationIsVisible = 0;
			defaultConfigurationName = Release;
		};
		D0105E2029DFA23C007ABD24 /* Build configuration list for PBXNativeTarget "ProgrammaticTemplateTests" */ = {
			isa = XCConfigurationList;
			buildConfigurations = (
				D0105E2129DFA23C007ABD24 /* Debug */,
				D0105E2229DFA23C007ABD24 /* Release */,
			);
			defaultConfigurationIsVisible = 0;
			defaultConfigurationName = Release;
		};
		D0105E2329DFA23C007ABD24 /* Build configuration list for PBXNativeTarget "ProgrammaticTemplateUITests" */ = {
			isa = XCConfigurationList;
			buildConfigurations = (
				D0105E2429DFA23C007ABD24 /* Debug */,
				D0105E2529DFA23C007ABD24 /* Release */,
			);
			defaultConfigurationIsVisible = 0;
			defaultConfigurationName = Release;
		};
/* End XCConfigurationList section */
	};
	rootObject = D0105DEB29DFA23A007ABD24 /* Project object */;
}
